
Microsoft Visual Studio Solution File, Format Version 12.00
# Visual Studio 15
VisualStudioVersion = 15.0.28307.1267
MinimumVisualStudioVersion = 10.0.40219.1
Project("{FAE04EC0-301F-11D3-BF4B-00C04F79EFBC}") = "TestAPIWebApplication", "TestAPIWebApplication\TestAPIWebApplication.csproj", "{F590BF1F-108E-4713-A392-380759C146FB}"
EndProject
Global
	GlobalSection(SolutionConfigurationPlatforms) = preSolution
		Debug|Any CPU = Debug|Any CPU
		Release|Any CPU = Release|Any CPU
	EndGlobalSection
	GlobalSection(ProjectConfigurationPlatforms) = postSolution
		{F590BF1F-108E-4713-A392-380759C146FB}.Debug|Any CPU.ActiveCfg = Debug|Any CPU
		{F590BF1F-108E-4713-A392-380759C146FB}.Debug|Any CPU.Build.0 = Debug|Any CPU
		{F590BF1F-108E-4713-A392-380759C146FB}.Release|Any CPU.ActiveCfg = Release|Any CPU
		{F590BF1F-108E-4713-A392-380759C146FB}.Release|Any CPU.Build.0 = Release|Any CPU
	EndGlobalSection
	GlobalSection(SolutionProperties) = preSolution
		HideSolutionNode = FALSE
	EndGlobalSection
	GlobalSection(ExtensibilityGlobals) = postSolution
		SolutionGuid = {8064C72C-D548-49CB-8F44-F6560872A36D}
	EndGlobalSection
EndGlobal
